
Microsoft Visual Studio Solution File, Format Version 12.00
# Visual Studio Version 16
VisualStudioVersion = 16.0.29209.62
MinimumVisualStudioVersion = 10.0.40219.1
Project("{FAE04EC0-301F-11D3-BF4B-00C04F79EFBC}") = "CourseApplication", "CourseApplication\CourseApplication.csproj", "{C3B1013B-8460-4AB5-ABB1-4092D3BC4E0E}"
EndProject
Global
	GlobalSection(SolutionConfigurationPlatforms) = preSolution
		Debug|Any CPU = Debug|Any CPU
		Release|Any CPU = Release|Any CPU
	EndGlobalSection
	GlobalSection(ProjectConfigurationPlatforms) = postSolution
		{C3B1013B-8460-4AB5-ABB1-4092D3BC4E0E}.Debug|Any CPU.ActiveCfg = Debug|Any CPU
		{C3B1013B-8460-4AB5-ABB1-4092D3BC4E0E}.Debug|Any CPU.Build.0 = Debug|Any CPU
		{C3B1013B-8460-4AB5-ABB1-4092D3BC4E0E}.Release|Any CPU.ActiveCfg = Release|Any CPU
		{C3B1013B-8460-4AB5-ABB1-4092D3BC4E0E}.Release|Any CPU.Build.0 = Release|Any CPU
	EndGlobalSection
	GlobalSection(SolutionProperties) = preSolution
		HideSolutionNode = FALSE
	EndGlobalSection
	GlobalSection(ExtensibilityGlobals) = postSolution
		SolutionGuid = {386F7328-DAFB-4FDC-84EC-4FD012A7317B}
	EndGlobalSection
EndGlobal
